
Microsoft Visual Studio Solution File, Format Version 12.00
# Visual Studio Version 17
VisualStudioVersion = 17.5.002.0
MinimumVisualStudioVersion = 10.0.40219.1
Project("{9A19103F-16F7-4668-BE54-9A1E7A4F7556}") = "backend", "backend\backend.csproj", "{ACA7523A-B18D-4821-95E8-D50BA7290131}"
EndProject
Global
	GlobalSection(SolutionConfigurationPlatforms) = preSolution
		Debug|Any CPU = Debug|Any CPU
		Release|Any CPU = Release|Any CPU
	EndGlobalSection
	GlobalSection(ProjectConfigurationPlatforms) = postSolution
		{ACA7523A-B18D-4821-95E8-D50BA7290131}.Debug|Any CPU.ActiveCfg = Debug|Any CPU
		{ACA7523A-B18D-4821-95E8-D50BA7290131}.Debug|Any CPU.Build.0 = Debug|Any CPU
		{ACA7523A-B18D-4821-95E8-D50BA7290131}.Release|Any CPU.ActiveCfg = Release|Any CPU
		{ACA7523A-B18D-4821-95E8-D50BA7290131}.Release|Any CPU.Build.0 = Release|Any CPU
	EndGlobalSection
	GlobalSection(SolutionProperties) = preSolution
		HideSolutionNode = FALSE
	EndGlobalSection
	GlobalSection(ExtensibilityGlobals) = postSolution
		SolutionGuid = {DF152C4A-D9BD-403B-9E31-0F876773EADD}
	EndGlobalSection
EndGlobal
